{
  "nodes": {
    "flake-parts": {
      "inputs": {
        "nixpkgs-lib": [
          "neovim-nightly-overlay",
          "nixpkgs"
        ]
      },
      "locked": {
        "lastModified": 1772408722,
        "narHash": "sha256-rHuJtdcOjK7rAHpHphUb1iCvgkU3GpfvicLMwwnfMT0=",
        "owner": "hercules-ci",
        "repo": "flake-parts",
        "rev": "f20dc5d9b8027381c474144ecabc9034d6a839a3",
        "type": "github"
      },
      "original": {
        "owner": "hercules-ci",
        "repo": "flake-parts",
        "type": "github"
      }
    },
    "home-manager": {
      "inputs": {
        "nixpkgs": [
          "nixpkgs"
        ]
      },
      "locked": {
        "lastModified": 1774539458,
        "narHash": "sha256-H9GIOqdMfQZ6lFetsQhO9TCq53hYzpTHDWOt3PRh9V0=",
        "owner": "nix-community",
        "repo": "home-manager",
        "rev": "e2e5f512b33ed19a7a3271d0b73ed5eefcc0be5f",
        "type": "github"
      },
      "original": {
        "owner": "nix-community",
        "repo": "home-manager",
        "type": "github"
      }
    },
    "homelab": {
      "inputs": {
        "nixpkgs": "nixpkgs"
      },
      "locked": {
        "lastModified": 1773880649,
        "narHash": "sha256-wpUK8Sper7SAcJlQj7+36Mn6hZN1TNgTDBymEqBWgJk=",
        "ref": "refs/heads/main",
        "rev": "d439ca4578ad2ac79707407656a4de8d02d0baf9",
        "revCount": 239,
        "type": "git",
        "url": "https://git.pitaya.f5.si/pitaya1219/homelab.git"
      },
      "original": {
        "type": "git",
        "url": "https://git.pitaya.f5.si/pitaya1219/homelab.git"
      }
    },
    "mistral-vibe": {
      "inputs": {
        "mistral-vibe-src": "mistral-vibe-src",
        "nixpkgs": [
          "nixpkgs"
        ],
        "pyproject-build-systems": "pyproject-build-systems",
        "pyproject-nix": "pyproject-nix",
        "uv2nix": "uv2nix_2"
      },
      "locked": {
        "lastModified": 1774494104,
        "narHash": "sha256-JA2dxP9kddm63GSGGbkKfX0x2su3FlLGgexVCf+55FQ=",
        "owner": "pitaya1219",
        "repo": "mistral-vibe-nix",
        "rev": "5cb36c0f7e8f5117dfd79635434ca30326cd8d88",
        "type": "github"
      },
      "original": {
        "owner": "pitaya1219",
        "repo": "mistral-vibe-nix",
        "type": "github"
      }
    },
    "mistral-vibe-src": {
      "flake": false,
      "locked": {
        "lastModified": 1774299564,
        "narHash": "sha256-EGg2eW4ZfiagzAEXR4OeyTnTyTICGFO4p2e+P9f2L7E=",
        "owner": "mistralai",
        "repo": "mistral-vibe",
        "rev": "5ea69b547b8eb5de5d0947543bd517e40c13dde8",
        "type": "github"
      },
      "original": {
        "owner": "mistralai",
        "repo": "mistral-vibe",
        "type": "github"
      }
    },
    "neovim-nightly-overlay": {
      "inputs": {
        "flake-parts": "flake-parts",
        "neovim-src": "neovim-src",
        "nixpkgs": [
          "nixpkgs"
        ]
      },
      "locked": {
        "lastModified": 1774483626,
        "narHash": "sha256-8VAX9GXNfv4eBj0qBEf/Rc2/E6G0SBEpuo2A5plw34I=",
        "owner": "nix-community",
        "repo": "neovim-nightly-overlay",
        "rev": "5deaa19e80e1c0695f7fa8a16e13a704fd08f96e",
        "type": "github"
      },
      "original": {
        "owner": "nix-community",
        "repo": "neovim-nightly-overlay",
        "type": "github"
      }
    },
    "neovim-src": {
      "flake": false,
      "locked": {
        "lastModified": 1774472446,
        "narHash": "sha256-Hp4A0llEmBvvNuw5uKOz+BA86X7TmXZ1vUK0StiMdVs=",
        "owner": "neovim",
        "repo": "neovim",
        "rev": "c9e961994b16ed841be43541ef550bf3d3f043ec",
        "type": "github"
      },
      "original": {
        "owner": "neovim",
        "repo": "neovim",
        "type": "github"
      }
    },
    "nixpkgs": {
      "locked": {
        "lastModified": 1770562336,
        "narHash": "sha256-ub1gpAONMFsT/GU2hV6ZWJjur8rJ6kKxdm9IlCT0j84=",
        "owner": "NixOS",
        "repo": "nixpkgs",
        "rev": "d6c71932130818840fc8fe9509cf50be8c64634f",
        "type": "github"
      },
      "original": {
        "owner": "NixOS",
        "ref": "nixos-unstable",
        "repo": "nixpkgs",
        "type": "github"
      }
    },
    "nixpkgs_2": {
      "locked": {
        "lastModified": 1774386573,
        "narHash": "sha256-4hAV26quOxdC6iyG7kYaZcM3VOskcPUrdCQd/nx8obc=",
        "owner": "NixOS",
        "repo": "nixpkgs",
        "rev": "46db2e09e1d3f113a13c0d7b81e2f221c63b8ce9",
        "type": "github"
      },
      "original": {
        "owner": "NixOS",
        "ref": "nixos-unstable",
        "repo": "nixpkgs",
        "type": "github"
      }
    },
    "pyproject-build-systems": {
      "inputs": {
        "nixpkgs": [
          "mistral-vibe",
          "nixpkgs"
        ],
        "pyproject-nix": [
          "mistral-vibe",
          "pyproject-nix"
        ],
        "uv2nix": "uv2nix"
      },
      "locked": {
        "lastModified": 1773870109,
        "narHash": "sha256-ZoTdqZP03DcdoyxvpFHCAek4bkPUTUPUF3oCCgc3dP4=",
        "owner": "pyproject-nix",
        "repo": "build-system-pkgs",
        "rev": "b6e74f433b02fa4b8a7965ee24680f4867e2926f",
        "type": "github"
      },
      "original": {
        "owner": "pyproject-nix",
        "repo": "build-system-pkgs",
        "type": "github"
      }
    },
    "pyproject-nix": {
      "inputs": {
        "nixpkgs": [
          "mistral-vibe",
          "nixpkgs"
        ]
      },
      "locked": {
        "lastModified": 1774462087,
        "narHash": "sha256-wqlfHPW9kHipudh66gGcxfTUL0XmZQ1sp7D6oD8R2k4=",
        "owner": "pyproject-nix",
        "repo": "pyproject.nix",
        "rev": "f79a3fdbd4c04eb01ae98d41b79d0a8733ddefa2",
        "type": "github"
      },
      "original": {
        "owner": "pyproject-nix",
        "repo": "pyproject.nix",
        "type": "github"
      }
    },
    "root": {
      "inputs": {
        "home-manager": "home-manager",
        "homelab": "homelab",
        "mistral-vibe": "mistral-vibe",
        "neovim-nightly-overlay": "neovim-nightly-overlay",
        "nixpkgs": "nixpkgs_2"
      }
    },
    "uv2nix": {
      "inputs": {
        "nixpkgs": [
          "mistral-vibe",
          "pyproject-build-systems",
          "nixpkgs"
        ],
        "pyproject-nix": [
          "mistral-vibe",
          "pyproject-build-systems",
          "pyproject-nix"
        ]
      },
      "locked": {
        "lastModified": 1773359304,
        "narHash": "sha256-knv2C6tIk5ysix+9TxWIenPvpB20kFjQ1CH6SJMBNsU=",
        "owner": "pyproject-nix",
        "repo": "uv2nix",
        "rev": "27b135ea72ab1637fc5845a61c101ea66d6636d6",
        "type": "github"
      },
      "original": {
        "owner": "pyproject-nix",
        "repo": "uv2nix",
        "type": "github"
      }
    },
    "uv2nix_2": {
      "inputs": {
        "nixpkgs": [
          "mistral-vibe",
          "nixpkgs"
        ],
        "pyproject-nix": [
          "mistral-vibe",
          "pyproject-nix"
        ]
      },
      "locked": {
        "lastModified": 1774490495,
        "narHash": "sha256-a9WmQWj8fF7BctZGCoyzpUjP6GJw8H+lxl+zxpGnETk=",
        "owner": "pyproject-nix",
        "repo": "uv2nix",
        "rev": "18ae62fc5e389e3069854a7c66455c22e31708fc",
        "type": "github"
      },
      "original": {
        "owner": "pyproject-nix",
        "repo": "uv2nix",
        "type": "github"
      }
    }
  },
  "root": "root",
  "version": 7
}
